
Microsoft Visual Studio Solution File, Format Version 12.00
# Visual Studio Version 17
VisualStudioVersion = 17.3.32922.545
MinimumVisualStudioVersion = 10.0.40219.1
Project("{FAE04EC0-301F-11D3-BF4B-00C04F79EFBC}") = "Fitness.Web", "Fitness.Web\Fitness.Web.csproj", "{37D4CE21-267A-4D91-B517-EB23AE250DEC}"
EndProject
Global
	GlobalSection(SolutionConfigurationPlatforms) = preSolution
		Debug|Any CPU = Debug|Any CPU
		Release|Any CPU = Release|Any CPU
	EndGlobalSection
	GlobalSection(ProjectConfigurationPlatforms) = postSolution
		{37D4CE21-267A-4D91-B517-EB23AE250DEC}.Debug|Any CPU.ActiveCfg = Debug|Any CPU
		{37D4CE21-267A-4D91-B517-EB23AE250DEC}.Debug|Any CPU.Build.0 = Debug|Any CPU
		{37D4CE21-267A-4D91-B517-EB23AE250DEC}.Release|Any CPU.ActiveCfg = Release|Any CPU
		{37D4CE21-267A-4D91-B517-EB23AE250DEC}.Release|Any CPU.Build.0 = Release|Any CPU
	EndGlobalSection
	GlobalSection(SolutionProperties) = preSolution
		HideSolutionNode = FALSE
	EndGlobalSection
	GlobalSection(ExtensibilityGlobals) = postSolution
		SolutionGuid = {BA1918C6-2B0F-4B57-AC57-34447E5AD79A}
	EndGlobalSection
EndGlobal
